// !$*UTF8*$!
{
	archiveVersion = 1;
	classes = {
	};
	objectVersion = 46;
	objects = {

/* Begin PBXBuildFile section */
		82CD46BE191AF3F500DE01F7 /* Foundation.framework in Frameworks */ = {isa = PBXBuildFile; fileRef = 82CD46BD191AF3F500DE01F7 /* Foundation.framework */; };
		82CD46C0191AF3F500DE01F7 /* CoreGraphics.framework in Frameworks */ = {isa = PBXBuildFile; fileRef = 82CD46BF191AF3F500DE01F7 /* CoreGraphics.framework */; };
		82CD46C2191AF3F500DE01F7 /* UIKit.framework in Frameworks */ = {isa = PBXBuildFile; fileRef = 82CD46C1191AF3F500DE01F7 /* UIKit.framework */; };
		82CD46C8191AF3F500DE01F7 /* InfoPlist.strings in Resources */ = {isa = PBXBuildFile; fileRef = 82CD46C6191AF3F500DE01F7 /* InfoPlist.strings */; };
		82CD46CA191AF3F500DE01F7 /* main.m in Sources */ = {isa = PBXBuildFile; fileRef = 82CD46C9191AF3F500DE01F7 /* main.m */; };
		82CD46CE191AF3F500DE01F7 /* AppDelegate.m in Sources */ = {isa = PBXBuildFile; fileRef = 82CD46CD191AF3F500DE01F7 /* AppDelegate.m */; };
		82CD46D1191AF3F600DE01F7 /* Main.storyboard in Resources */ = {isa = PBXBuildFile; fileRef = 82CD46CF191AF3F600DE01F7 /* Main.storyboard */; };
		82CD46D4191AF3F600DE01F7 /* HomeViewController.m in Sources */ = {isa = PBXBuildFile; fileRef = 82CD46D3191AF3F600DE01F7 /* HomeViewController.m */; };
		82CD46D6191AF3F600DE01F7 /* Images.xcassets in Resources */ = {isa = PBXBuildFile; fileRef = 82CD46D5191AF3F600DE01F7 /* Images.xcassets */; };
		82CD46DD191AF3F700DE01F7 /* XCTest.framework in Frameworks */ = {isa = PBXBuildFile; fileRef = 82CD46DC191AF3F700DE01F7 /* XCTest.framework */; };
		82CD46DE191AF3F700DE01F7 /* Foundation.framework in Frameworks */ = {isa = PBXBuildFile; fileRef = 82CD46BD191AF3F500DE01F7 /* Foundation.framework */; };
		82CD46DF191AF3F700DE01F7 /* UIKit.framework in Frameworks */ = {isa = PBXBuildFile; fileRef = 82CD46C1191AF3F500DE01F7 /* UIKit.framework */; };
		82CD46E7191AF3F700DE01F7 /* InfoPlist.strings in Resources */ = {isa = PBXBuildFile; fileRef = 82CD46E5191AF3F700DE01F7 /* InfoPlist.strings */; };
		82CD46E9191AF3F700DE01F7 /* testTests.m in Sources */ = {isa = PBXBuildFile; fileRef = 82CD46E8191AF3F700DE01F7 /* testTests.m */; };
		82CD46FC191AF49F00DE01F7 /* MatchInfoViewController.m in Sources */ = {isa = PBXBuildFile; fileRef = 82CD46F5191AF49F00DE01F7 /* MatchInfoViewController.m */; };
		82CD46FD191AF49F00DE01F7 /* MatchBannerViewController.m in Sources */ = {isa = PBXBuildFile; fileRef = 82CD46F7191AF49F00DE01F7 /* MatchBannerViewController.m */; };
		82CD46FE191AF49F00DE01F7 /* MatchContainerViewController.m in Sources */ = {isa = PBXBuildFile; fileRef = 82CD46F9191AF49F00DE01F7 /* MatchContainerViewController.m */; };
		82CD46FF191AF49F00DE01F7 /* MatchInfoContainerViewController.m in Sources */ = {isa = PBXBuildFile; fileRef = 82CD46FB191AF49F00DE01F7 /* MatchInfoContainerViewController.m */; };
		82CD4704191B02B300DE01F7 /* Home-Soccer-Background.png in Resources */ = {isa = PBXBuildFile; fileRef = 82CD4703191B02B300DE01F7 /* Home-Soccer-Background.png */; };
		82CD470A191B2B2100DE01F7 /* HeaderContainer.m in Sources */ = {isa = PBXBuildFile; fileRef = 82CD4709191B2B2100DE01F7 /* HeaderContainer.m */; };
/* End PBXBuildFile section */

/* Begin PBXContainerItemProxy section */
		82CD46E0191AF3F700DE01F7 /* PBXContainerItemProxy */ = {
			isa = PBXContainerItemProxy;
			containerPortal = 82CD46B2191AF3F500DE01F7 /* Project object */;
			proxyType = 1;
			remoteGlobalIDString = 82CD46B9191AF3F500DE01F7;
			remoteInfo = test;
		};
/* End PBXContainerItemProxy section */

/* Begin PBXFileReference section */
		82CD46BA191AF3F500DE01F7 /* test.app */ = {isa = PBXFileReference; explicitFileType = wrapper.application; includeInIndex = 0; path = test.app; sourceTree = BUILT_PRODUCTS_DIR; };
		82CD46BD191AF3F500DE01F7 /* Foundation.framework */ = {isa = PBXFileReference; lastKnownFileType = wrapper.framework; name = Foundation.framework; path = System/Library/Frameworks/Foundation.framework; sourceTree = SDKROOT; };
		82CD46BF191AF3F500DE01F7 /* CoreGraphics.framework */ = {isa = PBXFileReference; lastKnownFileType = wrapper.framework; name = CoreGraphics.framework; path = System/Library/Frameworks/CoreGraphics.framework; sourceTree = SDKROOT; };
		82CD46C1191AF3F500DE01F7 /* UIKit.framework */ = {isa = PBXFileReference; lastKnownFileType = wrapper.framework; name = UIKit.framework; path = System/Library/Frameworks/UIKit.framework; sourceTree = SDKROOT; };
		82CD46C5191AF3F500DE01F7 /* test-Info.plist */ = {isa = PBXFileReference; lastKnownFileType = text.plist.xml; path = "test-Info.plist"; sourceTree = "<group>"; };
		82CD46C7191AF3F500DE01F7 /* en */ = {isa = PBXFileReference; lastKnownFileType = text.plist.strings; name = en; path = en.lproj/InfoPlist.strings; sourceTree = "<group>"; };
		82CD46C9191AF3F500DE01F7 /* main.m */ = {isa = PBXFileReference; lastKnownFileType = sourcecode.c.objc; path = main.m; sourceTree = "<group>"; };
		82CD46CB191AF3F500DE01F7 /* test-Prefix.pch */ = {isa = PBXFileReference; lastKnownFileType = sourcecode.c.h; path = "test-Prefix.pch"; sourceTree = "<group>"; };
		82CD46CC191AF3F500DE01F7 /* AppDelegate.h */ = {isa = PBXFileReference; lastKnownFileType = sourcecode.c.h; path = AppDelegate.h; sourceTree = "<group>"; };
		82CD46CD191AF3F500DE01F7 /* AppDelegate.m */ = {isa = PBXFileReference; lastKnownFileType = sourcecode.c.objc; path = AppDelegate.m; sourceTree = "<group>"; };
		82CD46D0191AF3F600DE01F7 /* Base */ = {isa = PBXFileReference; lastKnownFileType = file.storyboard; name = Base; path = Base.lproj/Main.storyboard; sourceTree = "<group>"; };
		82CD46D2191AF3F600DE01F7 /* HomeViewController.h */ = {isa = PBXFileReference; lastKnownFileType = sourcecode.c.h; path = HomeViewController.h; sourceTree = "<group>"; };
		82CD46D3191AF3F600DE01F7 /* HomeViewController.m */ = {isa = PBXFileReference; lastKnownFileType = sourcecode.c.objc; path = HomeViewController.m; sourceTree = "<group>"; };
		82CD46D5191AF3F600DE01F7 /* Images.xcassets */ = {isa = PBXFileReference; lastKnownFileType = folder.assetcatalog; path = Images.xcassets; sourceTree = "<group>"; };
		82CD46DB191AF3F700DE01F7 /* testTests.xctest */ = {isa = PBXFileReference; explicitFileType = wrapper.cfbundle; includeInIndex = 0; path = testTests.xctest; sourceTree = BUILT_PRODUCTS_DIR; };
		82CD46DC191AF3F700DE01F7 /* XCTest.framework */ = {isa = PBXFileReference; lastKnownFileType = wrapper.framework; name = XCTest.framework; path = Library/Frameworks/XCTest.framework; sourceTree = DEVELOPER_DIR; };
		82CD46E4191AF3F700DE01F7 /* testTests-Info.plist */ = {isa = PBXFileReference; lastKnownFileType = text.plist.xml; path = "testTests-Info.plist"; sourceTree = "<group>"; };
		82CD46E6191AF3F700DE01F7 /* en */ = {isa = PBXFileReference; lastKnownFileType = text.plist.strings; name = en; path = en.lproj/InfoPlist.strings; sourceTree = "<group>"; };
		82CD46E8191AF3F700DE01F7 /* testTests.m */ = {isa = PBXFileReference; lastKnownFileType = sourcecode.c.objc; path = testTests.m; sourceTree = "<group>"; };
		82CD46F4191AF49F00DE01F7 /* MatchInfoViewController.h */ = {isa = PBXFileReference; fileEncoding = 4; lastKnownFileType = sourcecode.c.h; path = MatchInfoViewController.h; sourceTree = "<group>"; };
		82CD46F5191AF49F00DE01F7 /* MatchInfoViewController.m */ = {isa = PBXFileReference; fileEncoding = 4; lastKnownFileType = sourcecode.c.objc; path = MatchInfoViewController.m; sourceTree = "<group>"; };
		82CD46F6191AF49F00DE01F7 /* MatchBannerViewController.h */ = {isa = PBXFileReference; fileEncoding = 4; lastKnownFileType = sourcecode.c.h; path = MatchBannerViewController.h; sourceTree = "<group>"; };
		82CD46F7191AF49F00DE01F7 /* MatchBannerViewController.m */ = {isa = PBXFileReference; fileEncoding = 4; lastKnownFileType = sourcecode.c.objc; path = MatchBannerViewController.m; sourceTree = "<group>"; };
		82CD46F8191AF49F00DE01F7 /* MatchContainerViewController.h */ = {isa = PBXFileReference; fileEncoding = 4; lastKnownFileType = sourcecode.c.h; path = MatchContainerViewController.h; sourceTree = "<group>"; };
		82CD46F9191AF49F00DE01F7 /* MatchContainerViewController.m */ = {isa = PBXFileReference; fileEncoding = 4; lastKnownFileType = sourcecode.c.objc; path = MatchContainerViewController.m; sourceTree = "<group>"; };
		82CD46FA191AF49F00DE01F7 /* MatchInfoContainerViewController.h */ = {isa = PBXFileReference; fileEncoding = 4; lastKnownFileType = sourcecode.c.h; path = MatchInfoContainerViewController.h; sourceTree = "<group>"; };
		82CD46FB191AF49F00DE01F7 /* MatchInfoContainerViewController.m */ = {isa = PBXFileReference; fileEncoding = 4; lastKnownFileType = sourcecode.c.objc; path = MatchInfoContainerViewController.m; sourceTree = "<group>"; };
		82CD4703191B02B300DE01F7 /* Home-Soccer-Background.png */ = {isa = PBXFileReference; lastKnownFileType = image.png; path = "Home-Soccer-Background.png"; sourceTree = "<group>"; };
		82CD4708191B2B2100DE01F7 /* HeaderContainer.h */ = {isa = PBXFileReference; fileEncoding = 4; lastKnownFileType = sourcecode.c.h; path = HeaderContainer.h; sourceTree = "<group>"; };
		82CD4709191B2B2100DE01F7 /* HeaderContainer.m */ = {isa = PBXFileReference; fileEncoding = 4; lastKnownFileType = sourcecode.c.objc; path = HeaderContainer.m; sourceTree = "<group>"; };
/* End PBXFileReference section */

/* Begin PBXFrameworksBuildPhase section */
		82CD46B7191AF3F500DE01F7 /* Frameworks */ = {
			isa = PBXFrameworksBuildPhase;
			buildActionMask = 2147483647;
			files = (
				82CD46C0191AF3F500DE01F7 /* CoreGraphics.framework in Frameworks */,
				82CD46C2191AF3F500DE01F7 /* UIKit.framework in Frameworks */,
				82CD46BE191AF3F500DE01F7 /* Foundation.framework in Frameworks */,
			);
			runOnlyForDeploymentPostprocessing = 0;
		};
		82CD46D8191AF3F700DE01F7 /* Frameworks */ = {
			isa = PBXFrameworksBuildPhase;
			buildActionMask = 2147483647;
			files = (
				82CD46DD191AF3F700DE01F7 /* XCTest.framework in Frameworks */,
				82CD46DF191AF3F700DE01F7 /* UIKit.framework in Frameworks */,
				82CD46DE191AF3F700DE01F7 /* Foundation.framework in Frameworks */,
			);
			runOnlyForDeploymentPostprocessing = 0;
		};
/* End PBXFrameworksBuildPhase section */

/* Begin PBXGroup section */
		82CD46B1191AF3F500DE01F7 = {
			isa = PBXGroup;
			children = (
				82CD46C3191AF3F500DE01F7 /* test */,
				82CD46E2191AF3F700DE01F7 /* testTests */,
				82CD46BC191AF3F500DE01F7 /* Frameworks */,
				82CD46BB191AF3F500DE01F7 /* Products */,
			);
			sourceTree = "<group>";
		};
		82CD46BB191AF3F500DE01F7 /* Products */ = {
			isa = PBXGroup;
			children = (
				82CD46BA191AF3F500DE01F7 /* test.app */,
				82CD46DB191AF3F700DE01F7 /* testTests.xctest */,
			);
			name = Products;
			sourceTree = "<group>";
		};
		82CD46BC191AF3F500DE01F7 /* Frameworks */ = {
			isa = PBXGroup;
			children = (
				82CD46BD191AF3F500DE01F7 /* Foundation.framework */,
				82CD46BF191AF3F500DE01F7 /* CoreGraphics.framework */,
				82CD46C1191AF3F500DE01F7 /* UIKit.framework */,
				82CD46DC191AF3F700DE01F7 /* XCTest.framework */,
			);
			name = Frameworks;
			sourceTree = "<group>";
		};
		82CD46C3191AF3F500DE01F7 /* test */ = {
			isa = PBXGroup;
			children = (
				82CD4703191B02B300DE01F7 /* Home-Soccer-Background.png */,
				82CD46CC191AF3F500DE01F7 /* AppDelegate.h */,
				82CD46CD191AF3F500DE01F7 /* AppDelegate.m */,
				82CD46CF191AF3F600DE01F7 /* Main.storyboard */,
				82CD46D2191AF3F600DE01F7 /* HomeViewController.h */,
				82CD46D3191AF3F600DE01F7 /* HomeViewController.m */,
				82CD4701191AF4B000DE01F7 /* PageViewControllers */,
				82CD4700191AF4A500DE01F7 /* Containers */,
				82CD46D5191AF3F600DE01F7 /* Images.xcassets */,
				82CD46C4191AF3F500DE01F7 /* Supporting Files */,
			);
			path = test;
			sourceTree = "<group>";
		};
		82CD46C4191AF3F500DE01F7 /* Supporting Files */ = {
			isa = PBXGroup;
			children = (
				82CD46C5191AF3F500DE01F7 /* test-Info.plist */,
				82CD46C6191AF3F500DE01F7 /* InfoPlist.strings */,
				82CD46C9191AF3F500DE01F7 /* main.m */,
				82CD46CB191AF3F500DE01F7 /* test-Prefix.pch */,
			);
			name = "Supporting Files";
			sourceTree = "<group>";
		};
		82CD46E2191AF3F700DE01F7 /* testTests */ = {
			isa = PBXGroup;
			children = (
				82CD46E8191AF3F700DE01F7 /* testTests.m */,
				82CD46E3191AF3F700DE01F7 /* Supporting Files */,
			);
			path = testTests;
			sourceTree = "<group>";
		};
		82CD46E3191AF3F700DE01F7 /* Supporting Files */ = {
			isa = PBXGroup;
			children = (
				82CD46E4191AF3F700DE01F7 /* testTests-Info.plist */,
				82CD46E5191AF3F700DE01F7 /* InfoPlist.strings */,
			);
			name = "Supporting Files";
			sourceTree = "<group>";
		};
		82CD4700191AF4A500DE01F7 /* Containers */ = {
			isa = PBXGroup;
			children = (
				82CD46F8191AF49F00DE01F7 /* MatchContainerViewController.h */,
				82CD46F9191AF49F00DE01F7 /* MatchContainerViewController.m */,
				82CD46FA191AF49F00DE01F7 /* MatchInfoContainerViewController.h */,
				82CD46FB191AF49F00DE01F7 /* MatchInfoContainerViewController.m */,
				82CD4708191B2B2100DE01F7 /* HeaderContainer.h */,
				82CD4709191B2B2100DE01F7 /* HeaderContainer.m */,
			);
			name = Containers;
			sourceTree = "<group>";
		};
		82CD4701191AF4B000DE01F7 /* PageViewControllers */ = {
			isa = PBXGroup;
			children = (
				82CD46F4191AF49F00DE01F7 /* MatchInfoViewController.h */,
				82CD46F5191AF49F00DE01F7 /* MatchInfoViewController.m */,
				82CD46F6191AF49F00DE01F7 /* MatchBannerViewController.h */,
				82CD46F7191AF49F00DE01F7 /* MatchBannerViewController.m */,
			);
			name = PageViewControllers;
			sourceTree = "<group>";
		};
/* End PBXGroup section */

/* Begin PBXNativeTarget section */
		82CD46B9191AF3F500DE01F7 /* test */ = {
			isa = PBXNativeTarget;
			buildConfigurationList = 82CD46EC191AF3F700DE01F7 /* Build configuration list for PBXNativeTarget "test" */;
			buildPhases = (
				82CD46B6191AF3F500DE01F7 /* Sources */,
				82CD46B7191AF3F500DE01F7 /* Frameworks */,
				82CD46B8191AF3F500DE01F7 /* Resources */,
			);
			buildRules = (
			);
			dependencies = (
			);
			name = test;
			productName = test;
			productReference = 82CD46BA191AF3F500DE01F7 /* test.app */;
			productType = "com.apple.product-type.application";
		};
		82CD46DA191AF3F700DE01F7 /* testTests */ = {
			isa = PBXNativeTarget;
			buildConfigurationList = 82CD46EF191AF3F700DE01F7 /* Build configuration list for PBXNativeTarget "testTests" */;
			buildPhases = (
				82CD46D7191AF3F700DE01F7 /* Sources */,
				82CD46D8191AF3F700DE01F7 /* Frameworks */,
				82CD46D9191AF3F700DE01F7 /* Resources */,
			);
			buildRules = (
			);
			dependencies = (
				82CD46E1191AF3F700DE01F7 /* PBXTargetDependency */,
			);
			name = testTests;
			productName = testTests;
			productReference = 82CD46DB191AF3F700DE01F7 /* testTests.xctest */;
			productType = "com.apple.product-type.bundle.unit-test";
		};
/* End PBXNativeTarget section */

/* Begin PBXProject section */
		82CD46B2191AF3F500DE01F7 /* Project object */ = {
			isa = PBXProject;
			attributes = {
				LastUpgradeCheck = 0510;
				ORGANIZATIONNAME = "ICO Group C.A";
				TargetAttributes = {
					82CD46B9191AF3F500DE01F7 = {
						DevelopmentTeam = 986NUB85RL;
					};
					82CD46DA191AF3F700DE01F7 = {
						TestTargetID = 82CD46B9191AF3F500DE01F7;
					};
				};
			};
			buildConfigurationList = 82CD46B5191AF3F500DE01F7 /* Build configuration list for PBXProject "test" */;
			compatibilityVersion = "Xcode 3.2";
			developmentRegion = English;
			hasScannedForEncodings = 0;
			knownRegions = (
				en,
				Base,
			);
			mainGroup = 82CD46B1191AF3F500DE01F7;
			productRefGroup = 82CD46BB191AF3F500DE01F7 /* Products */;
			projectDirPath = "";
			projectRoot = "";
			targets = (
				82CD46B9191AF3F500DE01F7 /* test */,
				82CD46DA191AF3F700DE01F7 /* testTests */,
			);
		};
/* End PBXProject section */

/* Begin PBXResourcesBuildPhase section */
		82CD46B8191AF3F500DE01F7 /* Resources */ = {
			isa = PBXResourcesBuildPhase;
			buildActionMask = 2147483647;
			files = (
				82CD46D6191AF3F600DE01F7 /* Images.xcassets in Resources */,
				82CD46C8191AF3F500DE01F7 /* InfoPlist.strings in Resources */,
				82CD46D1191AF3F600DE01F7 /* Main.storyboard in Resources */,
				82CD4704191B02B300DE01F7 /* Home-Soccer-Background.png in Resources */,
			);
			runOnlyForDeploymentPostprocessing = 0;
		};
		82CD46D9191AF3F700DE01F7 /* Resources */ = {
			isa = PBXResourcesBuildPhase;
			buildActionMask = 2147483647;
			files = (
				82CD46E7191AF3F700DE01F7 /* InfoPlist.strings in Resources */,
			);
			runOnlyForDeploymentPostprocessing = 0;
		};
/* End PBXResourcesBuildPhase section */

/* Begin PBXSourcesBuildPhase section */
		82CD46B6191AF3F500DE01F7 /* Sources */ = {
			isa = PBXSourcesBuildPhase;
			buildActionMask = 2147483647;
			files = (
				82CD46FD191AF49F00DE01F7 /* MatchBannerViewController.m in Sources */,
				82CD46FC191AF49F00DE01F7 /* MatchInfoViewController.m in Sources */,
				82CD46FE191AF49F00DE01F7 /* MatchContainerViewController.m in Sources */,
				82CD46D4191AF3F600DE01F7 /* HomeViewController.m in Sources */,
				82CD46FF191AF49F00DE01F7 /* MatchInfoContainerViewController.m in Sources */,
				82CD470A191B2B2100DE01F7 /* HeaderContainer.m in Sources */,
				82CD46CE191AF3F500DE01F7 /* AppDelegate.m in Sources */,
				82CD46CA191AF3F500DE01F7 /* main.m in Sources */,
			);
			runOnlyForDeploymentPostprocessing = 0;
		};
		82CD46D7191AF3F700DE01F7 /* Sources */ = {
			isa = PBXSourcesBuildPhase;
			buildActionMask = 2147483647;
			files = (
				82CD46E9191AF3F700DE01F7 /* testTests.m in Sources */,
			);
			runOnlyForDeploymentPostprocessing = 0;
		};
/* End PBXSourcesBuildPhase section */

/* Begin PBXTargetDependency section */
		82CD46E1191AF3F700DE01F7 /* PBXTargetDependency */ = {
			isa = PBXTargetDependency;
			target = 82CD46B9191AF3F500DE01F7 /* test */;
			targetProxy = 82CD46E0191AF3F700DE01F7 /* PBXContainerItemProxy */;
		};
/* End PBXTargetDependency section */

/* Begin PBXVariantGroup section */
		82CD46C6191AF3F500DE01F7 /* InfoPlist.strings */ = {
			isa = PBXVariantGroup;
			children = (
				82CD46C7191AF3F500DE01F7 /* en */,
			);
			name = InfoPlist.strings;
			sourceTree = "<group>";
		};
		82CD46CF191AF3F600DE01F7 /* Main.storyboard */ = {
			isa = PBXVariantGroup;
			children = (
				82CD46D0191AF3F600DE01F7 /* Base */,
			);
			name = Main.storyboard;
			sourceTree = "<group>";
		};
		82CD46E5191AF3F700DE01F7 /* InfoPlist.strings */ = {
			isa = PBXVariantGroup;
			children = (
				82CD46E6191AF3F700DE01F7 /* en */,
			);
			name = InfoPlist.strings;
			sourceTree = "<group>";
		};
/* End PBXVariantGroup section */

/* Begin XCBuildConfiguration section */
		82CD46EA191AF3F700DE01F7 /* Debug */ = {
			isa = XCBuildConfiguration;
			buildSettings = {
				ALWAYS_SEARCH_USER_PATHS = NO;
				CLANG_CXX_LANGUAGE_STANDARD = "gnu++0x";
				CLANG_CXX_LIBRARY = "libc++";
				CLANG_ENABLE_MODULES = YES;
				CLANG_ENABLE_OBJC_ARC = YES;
				CLANG_WARN_BOOL_CONVERSION = YES;
				CLANG_WARN_CONSTANT_CONVERSION = YES;
				CLANG_WARN_DIRECT_OBJC_ISA_USAGE = YES_ERROR;
				CLANG_WARN_EMPTY_BODY = YES;
				CLANG_WARN_ENUM_CONVERSION = YES;
				CLANG_WARN_INT_CONVERSION = YES;
				CLANG_WARN_OBJC_ROOT_CLASS = YES_ERROR;
				CLANG_WARN__DUPLICATE_METHOD_MATCH = YES;
				"CODE_SIGN_IDENTITY[sdk=iphoneos*]" = "iPhone Developer";
				COPY_PHASE_STRIP = NO;
				GCC_C_LANGUAGE_STANDARD = gnu99;
				GCC_DYNAMIC_NO_PIC = NO;
				GCC_OPTIMIZATION_LEVEL = 0;
				GCC_PREPROCESSOR_DEFINITIONS = (
					"DEBUG=1",
					"$(inherited)",
				);
				GCC_SYMBOLS_PRIVATE_EXTERN = NO;
				GCC_WARN_64_TO_32_BIT_CONVERSION = YES;
				GCC_WARN_ABOUT_RETURN_TYPE = YES_ERROR;
				GCC_WARN_UNDECLARED_SELECTOR = YES;
				GCC_WARN_UNINITIALIZED_AUTOS = YES_AGGRESSIVE;
				GCC_WARN_UNUSED_FUNCTION = YES;
				GCC_WARN_UNUSED_VARIABLE = YES;
				IPHONEOS_DEPLOYMENT_TARGET = 7.1;
				ONLY_ACTIVE_ARCH = YES;
				SDKROOT = iphoneos;
			};
			name = Debug;
		};
		82CD46EB191AF3F700DE01F7 /* Release */ = {
			isa = XCBuildConfiguration;
			buildSettings = {
				ALWAYS_SEARCH_USER_PATHS = NO;
				CLANG_CXX_LANGUAGE_STANDARD = "gnu++0x";
				CLANG_CXX_LIBRARY = "libc++";
				CLANG_ENABLE_MODULES = YES;
				CLANG_ENABLE_OBJC_ARC = YES;
				CLANG_WARN_BOOL_CONVERSION = YES;
				CLANG_WARN_CONSTANT_CONVERSION = YES;
				CLANG_WARN_DIRECT_OBJC_ISA_USAGE = YES_ERROR;
				CLANG_WARN_EMPTY_BODY = YES;
				CLANG_WARN_ENUM_CONVERSION = YES;
				CLANG_WARN_INT_CONVERSION = YES;
				CLANG_WARN_OBJC_ROOT_CLASS = YES_ERROR;
				CLANG_WARN__DUPLICATE_METHOD_MATCH = YES;
				"CODE_SIGN_IDENTITY[sdk=iphoneos*]" = "iPhone Developer";
				COPY_PHASE_STRIP = YES;
				ENABLE_NS_ASSERTIONS = NO;
				GCC_C_LANGUAGE_STANDARD = gnu99;
				GCC_WARN_64_TO_32_BIT_CONVERSION = YES;
				GCC_WARN_ABOUT_RETURN_TYPE = YES_ERROR;
				GCC_WARN_UNDECLARED_SELECTOR = YES;
				GCC_WARN_UNINITIALIZED_AUTOS = YES_AGGRESSIVE;
				GCC_WARN_UNUSED_FUNCTION = YES;
				GCC_WARN_UNUSED_VARIABLE = YES;
				IPHONEOS_DEPLOYMENT_TARGET = 7.1;
				SDKROOT = iphoneos;
				VALIDATE_PRODUCT = YES;
			};
			name = Release;
		};
		82CD46ED191AF3F700DE01F7 /* Debug */ = {
			isa = XCBuildConfiguration;
			buildSettings = {
				ASSETCATALOG_COMPILER_APPICON_NAME = AppIcon;
				ASSETCATALOG_COMPILER_LAUNCHIMAGE_NAME = LaunchImage;
				CODE_SIGN_IDENTITY = "iPhone Developer";
				"CODE_SIGN_IDENTITY[sdk=iphoneos*]" = "iPhone Developer";
				GCC_PRECOMPILE_PREFIX_HEADER = YES;
				GCC_PREFIX_HEADER = "test/test-Prefix.pch";
				INFOPLIST_FILE = "test/test-Info.plist";
				PRODUCT_NAME = "$(TARGET_NAME)";
				PROVISIONING_PROFILE = "";
				WRAPPER_EXTENSION = app;
			};
			name = Debug;
		};
		82CD46EE191AF3F700DE01F7 /* Release */ = {
			isa = XCBuildConfiguration;
			buildSettings = {
				ASSETCATALOG_COMPILER_APPICON_NAME = AppIcon;
				ASSETCATALOG_COMPILER_LAUNCHIMAGE_NAME = LaunchImage;
				CODE_SIGN_IDENTITY = "iPhone Developer";
				"CODE_SIGN_IDENTITY[sdk=iphoneos*]" = "iPhone Developer";
				GCC_PRECOMPILE_PREFIX_HEADER = YES;
				GCC_PREFIX_HEADER = "test/test-Prefix.pch";
				INFOPLIST_FILE = "test/test-Info.plist";
				PRODUCT_NAME = "$(TARGET_NAME)";
				PROVISIONING_PROFILE = "";
				WRAPPER_EXTENSION = app;
			};
			name = Release;
		};
		82CD46F0191AF3F700DE01F7 /* Debug */ = {
			isa = XCBuildConfiguration;
			buildSettings = {
				BUNDLE_LOADER = "$(BUILT_PRODUCTS_DIR)/test.app/test";
				FRAMEWORK_SEARCH_PATHS = (
					"$(SDKROOT)/Developer/Library/Frameworks",
					"$(inherited)",
					"$(DEVELOPER_FRAMEWORKS_DIR)",
				);
				GCC_PRECOMPILE_PREFIX_HEADER = YES;
				GCC_PREFIX_HEADER = "test/test-Prefix.pch";
				GCC_PREPROCESSOR_DEFINITIONS = (
					"DEBUG=1",
					"$(inherited)",
				);
				INFOPLIST_FILE = "testTests/testTests-Info.plist";
				PRODUCT_NAME = "$(TARGET_NAME)";
				TEST_HOST = "$(BUNDLE_LOADER)";
				WRAPPER_EXTENSION = xctest;
			};
			name = Debug;
		};
		82CD46F1191AF3F700DE01F7 /* Release */ = {
			isa = XCBuildConfiguration;
			buildSettings = {
				BUNDLE_LOADER = "$(BUILT_PRODUCTS_DIR)/test.app/test";
				FRAMEWORK_SEARCH_PATHS = (
					"$(SDKROOT)/Developer/Library/Frameworks",
					"$(inherited)",
					"$(DEVELOPER_FRAMEWORKS_DIR)",
				);
				GCC_PRECOMPILE_PREFIX_HEADER = YES;
				GCC_PREFIX_HEADER = "test/test-Prefix.pch";
				INFOPLIST_FILE = "testTests/testTests-Info.plist";
				PRODUCT_NAME = "$(TARGET_NAME)";
				TEST_HOST = "$(BUNDLE_LOADER)";
				WRAPPER_EXTENSION = xctest;
			};
			name = Release;
		};
/* End XCBuildConfiguration section */

/* Begin XCConfigurationList section */
		82CD46B5191AF3F500DE01F7 /* Build configuration list for PBXProject "test" */ = {
			isa = XCConfigurationList;
			buildConfigurations = (
				82CD46EA191AF3F700DE01F7 /* Debug */,
				82CD46EB191AF3F700DE01F7 /* Release */,
			);
			defaultConfigurationIsVisible = 0;
			defaultConfigurationName = Release;
		};
		82CD46EC191AF3F700DE01F7 /* Build configuration list for PBXNativeTarget "test" */ = {
			isa = XCConfigurationList;
			buildConfigurations = (
				82CD46ED191AF3F700DE01F7 /* Debug */,
				82CD46EE191AF3F700DE01F7 /* Release */,
			);
			defaultConfigurationIsVisible = 0;
			defaultConfigurationName = Release;
		};
		82CD46EF191AF3F700DE01F7 /* Build configuration list for PBXNativeTarget "testTests" */ = {
			isa = XCConfigurationList;
			buildConfigurations = (
				82CD46F0191AF3F700DE01F7 /* Debug */,
				82CD46F1191AF3F700DE01F7 /* Release */,
			);
			defaultConfigurationIsVisible = 0;
			defaultConfigurationName = Release;
		};
/* End XCConfigurationList section */
	};
	rootObject = 82CD46B2191AF3F500DE01F7 /* Project object */;
}
